
Microsoft Visual Studio Solution File, Format Version 12.00
# Visual Studio 14
VisualStudioVersion = 14.0.25420.1
MinimumVisualStudioVersion = 10.0.40219.1
Project("{FAE04EC0-301F-11D3-BF4B-00C04F79EFBC}") = "SkyCast", "SkyCast\SkyCast.csproj", "{3FA34585-9125-4D1A-A48A-B3A5493870B3}"
EndProject
Project("{FAE04EC0-301F-11D3-BF4B-00C04F79EFBC}") = "SkyCast.Tests", "SkyCast.Tests\SkyCast.Tests.csproj", "{D4615FF1-FAA3-4D94-99C8-41D004827A9D}"
EndProject
Global
	GlobalSection(SolutionConfigurationPlatforms) = preSolution
		Debug|Any CPU = Debug|Any CPU
		Release|Any CPU = Release|Any CPU
	EndGlobalSection
	GlobalSection(ProjectConfigurationPlatforms) = postSolution
		{3FA34585-9125-4D1A-A48A-B3A5493870B3}.Debug|Any CPU.ActiveCfg = Debug|Any CPU
		{3FA34585-9125-4D1A-A48A-B3A5493870B3}.Debug|Any CPU.Build.0 = Debug|Any CPU
		{3FA34585-9125-4D1A-A48A-B3A5493870B3}.Release|Any CPU.ActiveCfg = Release|Any CPU
		{3FA34585-9125-4D1A-A48A-B3A5493870B3}.Release|Any CPU.Build.0 = Release|Any CPU
		{D4615FF1-FAA3-4D94-99C8-41D004827A9D}.Debug|Any CPU.ActiveCfg = Debug|Any CPU
		{D4615FF1-FAA3-4D94-99C8-41D004827A9D}.Debug|Any CPU.Build.0 = Debug|Any CPU
		{D4615FF1-FAA3-4D94-99C8-41D004827A9D}.Release|Any CPU.ActiveCfg = Release|Any CPU
		{D4615FF1-FAA3-4D94-99C8-41D004827A9D}.Release|Any CPU.Build.0 = Release|Any CPU
	EndGlobalSection
	GlobalSection(SolutionProperties) = preSolution
		HideSolutionNode = FALSE
	EndGlobalSection
EndGlobal
